<?xml version="1.0" encoding="utf-8"?>
<Project ToolsVersion="4.0" xmlns="http://schemas.microsoft.com/developer/msbuild/2003">
  <ItemGroup>
    <Filter Include="Resource Files">
      <UniqueIdentifier>{67DA6AB6-F800-4c08-8B7A-83BB121AAD01}</UniqueIdentifier>
      <Extensions>rc;ico;cur;bmp;dlg;rc2;rct;bin;rgs;gif;jpg;jpeg;jpe;resx;tiff;tif;png;wav;mfcribbon-ms</Extensions>
    </Filter>
    <Filter Include="src">
      <UniqueIdentifier>{4FC737F1-C7A5-4376-A066-2A32D752A2FF}</UniqueIdentifier>
      <Extensions>cpp;c;cc;cxx;def;odl;idl;hpj;bat;asm;asmx</Extensions>
    </Filter>
    <Filter Include="src\adblock_engine">
      <UniqueIdentifier>{d7cb19be-4ba2-4ba0-b010-affa6f0db0be}</UniqueIdentifier>
    </Filter>
    <Filter Include="src\test">
      <UniqueIdentifier>{2f493469-f0b6-46d2-b063-267b72ce4697}</UniqueIdentifier>
    </Filter>
  </ItemGroup>
  <ItemGroup>
    <ClCompile Include="src\main.cpp">
      <Filter>src</Filter>
    </ClCompile>
    <ClCompile Include="src\adblock_engine\ad_filter.cpp">
      <Filter>src\adblock_engine</Filter>
    </ClCompile>
    <ClCompile Include="src\adblock_engine\ad_filter_manager.cpp">
      <Filter>src\adblock_engine</Filter>
    </ClCompile>
  </ItemGroup>
  <ItemGroup>
    <ClInclude Include="src\adblock_engine\ad_filter.h">
      <Filter>src\adblock_engine</Filter>
    </ClInclude>
    <ClInclude Include="src\adblock_engine\ad_filter_manager.h">
      <Filter>src\adblock_engine</Filter>
    </ClInclude>
  </ItemGroup>
</Project>